
Microsoft Visual Studio Solution File, Format Version 12.00
Project("{FAE04EC0-301F-11D3-BF4B-00C04F79EFBC}") = "Mng.CommandService", "Mng.CommandService\Mng.CommandService.csproj", "{8B26F490-51FB-4F74-8005-01B2480A49AB}"
EndProject
Global
	GlobalSection(SolutionConfigurationPlatforms) = preSolution
		Debug|Any CPU = Debug|Any CPU
		Release|Any CPU = Release|Any CPU
	EndGlobalSection
	GlobalSection(ProjectConfigurationPlatforms) = postSolution
		{8B26F490-51FB-4F74-8005-01B2480A49AB}.Debug|Any CPU.ActiveCfg = Debug|Any CPU
		{8B26F490-51FB-4F74-8005-01B2480A49AB}.Debug|Any CPU.Build.0 = Debug|Any CPU
		{8B26F490-51FB-4F74-8005-01B2480A49AB}.Release|Any CPU.ActiveCfg = Release|Any CPU
		{8B26F490-51FB-4F74-8005-01B2480A49AB}.Release|Any CPU.Build.0 = Release|Any CPU
	EndGlobalSection
EndGlobal
